
Microsoft Visual Studio Solution File, Format Version 12.00
# Visual Studio Version 16
VisualStudioVersion = 16.0.29409.12
MinimumVisualStudioVersion = 10.0.40219.1
Project("{FAE04EC0-301F-11D3-BF4B-00C04F79EFBC}") = "EjercicioClase", "EjercicioClase\EjercicioClase.csproj", "{CBCB20C4-AC80-4A2A-91FF-037E6D1AD7BF}"
EndProject
Project("{FAE04EC0-301F-11D3-BF4B-00C04F79EFBC}") = "Ejercicio XVII", "Ejercicio XVII\Ejercicio XVII.csproj", "{409BE210-205E-41C1-9DC1-AFBB546C539E}"
EndProject
Global
	GlobalSection(SolutionConfigurationPlatforms) = preSolution
		Debug|Any CPU = Debug|Any CPU
		Release|Any CPU = Release|Any CPU
	EndGlobalSection
	GlobalSection(ProjectConfigurationPlatforms) = postSolution
		{CBCB20C4-AC80-4A2A-91FF-037E6D1AD7BF}.Debug|Any CPU.ActiveCfg = Debug|Any CPU
		{CBCB20C4-AC80-4A2A-91FF-037E6D1AD7BF}.Debug|Any CPU.Build.0 = Debug|Any CPU
		{CBCB20C4-AC80-4A2A-91FF-037E6D1AD7BF}.Release|Any CPU.ActiveCfg = Release|Any CPU
		{CBCB20C4-AC80-4A2A-91FF-037E6D1AD7BF}.Release|Any CPU.Build.0 = Release|Any CPU
		{409BE210-205E-41C1-9DC1-AFBB546C539E}.Debug|Any CPU.ActiveCfg = Debug|Any CPU
		{409BE210-205E-41C1-9DC1-AFBB546C539E}.Debug|Any CPU.Build.0 = Debug|Any CPU
		{409BE210-205E-41C1-9DC1-AFBB546C539E}.Release|Any CPU.ActiveCfg = Release|Any CPU
		{409BE210-205E-41C1-9DC1-AFBB546C539E}.Release|Any CPU.Build.0 = Release|Any CPU
	EndGlobalSection
	GlobalSection(SolutionProperties) = preSolution
		HideSolutionNode = FALSE
	EndGlobalSection
	GlobalSection(ExtensibilityGlobals) = postSolution
		SolutionGuid = {935F9C89-D662-4ECA-AC5A-2A9D738B602B}
	EndGlobalSection
EndGlobal
